{
  "version": 4,
  "terraform_version": "1.3.3",
  "serial": 26,
  "lineage": "ed8c83ac-7e22-fe85-0d2e-7064993fc27e",
  "outputs": {},
  "resources": [
    {
      "mode": "managed",
      "type": "scaleway_instance_ip",
      "name": "ip",
      "provider": "provider[\"registry.terraform.io/scaleway/scaleway\"]",
      "instances": [
        {
          "schema_version": 0,
          "attributes": {
            "address": "51.15.131.221",
            "id": "fr-par-1/3e43927b-432c-48e0-bd86-ef5f566385e1",
            "organization_id": "b90cf4f6-2921-4c23-b5b9-60a456590666",
            "project_id": "0c1671e0-2f42-4ed2-8799-14f144ecb947",
            "reverse": "",
            "server_id": "fr-par-1/e0542471-6a89-49cf-b42c-347a86b8f014",
            "tags": null,
            "timeouts": null,
            "zone": "fr-par-1"
          },
          "sensitive_attributes": [],
          "private": "eyJlMmJmYjczMC1lY2FhLTExZTYtOGY4OC0zNDM2M2JjN2M0YzAiOnsiY3JlYXRlIjo2MDAwMDAwMDAwMCwiZGVmYXVsdCI6NjAwMDAwMDAwMDAsImRlbGV0ZSI6NjAwMDAwMDAwMDAsInJlYWQiOjYwMDAwMDAwMDAwLCJ1cGRhdGUiOjYwMDAwMDAwMDAwfX0="
        }
      ]
    },
    {
      "mode": "managed",
      "type": "scaleway_instance_ip",
      "name": "ip2",
      "provider": "provider[\"registry.terraform.io/scaleway/scaleway\"]",
      "instances": [
        {
          "schema_version": 0,
          "attributes": {
            "address": "212.47.229.80",
            "id": "fr-par-1/0e27d924-443f-4e38-850b-0970b28a414a",
            "organization_id": "b90cf4f6-2921-4c23-b5b9-60a456590666",
            "project_id": "0c1671e0-2f42-4ed2-8799-14f144ecb947",
            "reverse": "",
            "server_id": "",
            "tags": null,
            "timeouts": null,
            "zone": "fr-par-1"
          },
          "sensitive_attributes": [],
          "private": "eyJlMmJmYjczMC1lY2FhLTExZTYtOGY4OC0zNDM2M2JjN2M0YzAiOnsiY3JlYXRlIjo2MDAwMDAwMDAwMCwiZGVmYXVsdCI6NjAwMDAwMDAwMDAsImRlbGV0ZSI6NjAwMDAwMDAwMDAsInJlYWQiOjYwMDAwMDAwMDAwLCJ1cGRhdGUiOjYwMDAwMDAwMDAwfX0="
        }
      ]
    },
    {
      "mode": "managed",
      "type": "scaleway_instance_security_group",
      "name": "main",
      "provider": "provider[\"registry.terraform.io/scaleway/scaleway\"]",
      "instances": [
        {
          "schema_version": 0,
          "attributes": {
            "description": "",
            "enable_default_security": true,
            "external_rules": false,
            "id": "fr-par-1/a27c330d-6c73-457a-8e1d-dd71000ba09b",
            "inbound_default_policy": "drop",
            "inbound_rule": [],
            "name": "tf-sg-condescending-vaughan",
            "organization_id": "b90cf4f6-2921-4c23-b5b9-60a456590666",
            "outbound_default_policy": "drop",
            "outbound_rule": [],
            "project_id": "0c1671e0-2f42-4ed2-8799-14f144ecb947",
            "stateful": true,
            "tags": null,
            "timeouts": null,
            "zone": "fr-par-1"
          },
          "sensitive_attributes": [],
          "private": "eyJlMmJmYjczMC1lY2FhLTExZTYtOGY4OC0zNDM2M2JjN2M0YzAiOnsiY3JlYXRlIjo2MDAwMDAwMDAwMCwiZGVmYXVsdCI6NjAwMDAwMDAwMDAsImRlbGV0ZSI6NjAwMDAwMDAwMDAsInJlYWQiOjYwMDAwMDAwMDAwLCJ1cGRhdGUiOjYwMDAwMDAwMDAwfX0="
        }
      ]
    },
    {
      "mode": "managed",
      "type": "scaleway_instance_security_group",
      "name": "web",
      "provider": "provider[\"registry.terraform.io/scaleway/scaleway\"]",
      "instances": [
        {
          "schema_version": 0,
          "attributes": {
            "description": "",
            "enable_default_security": true,
            "external_rules": false,
            "id": "fr-par-1/bb7106d6-8e75-42b4-b66f-2993dd23b83a",
            "inbound_default_policy": "drop",
            "inbound_rule": [
              {
                "action": "accept",
                "ip": "",
                "ip_range": "",
                "port": 80,
                "port_range": "",
                "protocol": "TCP"
              },
              {
                "action": "accept",
                "ip": "",
                "ip_range": "85.169.101.162/32",
                "port": 22,
                "port_range": "",
                "protocol": "TCP"
              }
            ],
            "name": "tf-sg-eloquent-elion",
            "organization_id": "b90cf4f6-2921-4c23-b5b9-60a456590666",
            "outbound_default_policy": "accept",
            "outbound_rule": [],
            "project_id": "0c1671e0-2f42-4ed2-8799-14f144ecb947",
            "stateful": true,
            "tags": [],
            "timeouts": null,
            "zone": "fr-par-1"
          },
          "sensitive_attributes": [],
          "private": "eyJlMmJmYjczMC1lY2FhLTExZTYtOGY4OC0zNDM2M2JjN2M0YzAiOnsiY3JlYXRlIjo2MDAwMDAwMDAwMCwiZGVmYXVsdCI6NjAwMDAwMDAwMDAsImRlbGV0ZSI6NjAwMDAwMDAwMDAsInJlYWQiOjYwMDAwMDAwMDAwLCJ1cGRhdGUiOjYwMDAwMDAwMDAwfX0="
        }
      ]
    },
    {
      "mode": "managed",
      "type": "scaleway_instance_server",
      "name": "web",
      "provider": "provider[\"registry.terraform.io/scaleway/scaleway\"]",
      "instances": [
        {
          "schema_version": 0,
          "attributes": {
            "additional_volume_ids": [],
            "boot_type": "local",
            "bootscript_id": "fdfe150f-a870-4ce4-b432-9f56b5b995c1",
            "cloud_init": null,
            "enable_dynamic_ip": false,
            "enable_ipv6": false,
            "id": "fr-par-1/e0542471-6a89-49cf-b42c-347a86b8f014",
            "image": "ubuntu_jammy",
            "ip_id": "fr-par-1/3e43927b-432c-48e0-bd86-ef5f566385e1",
            "ipv6_address": "",
            "ipv6_gateway": "",
            "ipv6_prefix_length": 0,
            "name": "scw-valentin-clement",
            "organization_id": "b90cf4f6-2921-4c23-b5b9-60a456590666",
            "placement_group_id": null,
            "placement_group_policy_respected": null,
            "private_ip": "10.70.38.33",
            "private_network": [],
            "project_id": "0c1671e0-2f42-4ed2-8799-14f144ecb947",
            "public_ip": "51.15.131.221",
            "root_volume": [
              {
                "boot": false,
                "delete_on_termination": true,
                "name": "ubuntu_22.04_jammy:volume-0",
                "size_in_gb": 20,
                "volume_id": "fr-par-1/18835bd3-f484-4674-a23d-9fec12ff9c8d",
                "volume_type": "l_ssd"
              }
            ],
            "security_group_id": "fr-par-1/5968e5cd-c766-4adc-b92e-7c3fded818cc",
            "state": "started",
            "tags": null,
            "timeouts": null,
            "type": "DEV1-S",
            "user_data": {},
            "zone": "fr-par-1"
          },
          "sensitive_attributes": [],
          "private": "eyJlMmJmYjczMC1lY2FhLTExZTYtOGY4OC0zNDM2M2JjN2M0YzAiOnsiY3JlYXRlIjo2MDAwMDAwMDAwMDAsImRlZmF1bHQiOjYwMDAwMDAwMDAwMCwiZGVsZXRlIjo2MDAwMDAwMDAwMDAsInJlYWQiOjYwMDAwMDAwMDAwMCwidXBkYXRlIjo2MDAwMDAwMDAwMDB9fQ==",
          "dependencies": [
            "scaleway_instance_ip.ip"
          ]
        }
      ]
    },
    {
      "mode": "managed",
      "type": "scaleway_rdb_acl",
      "name": "main",
      "provider": "provider[\"registry.terraform.io/scaleway/scaleway\"]",
      "instances": [
        {
          "schema_version": 0,
          "attributes": {
            "acl_rules": [
              {
                "description": "Accès autorisé seulement par le serveur",
                "ip": "51.15.131.221/32"
              }
            ],
            "id": "fr-par/8bd0c1ff-0b81-45ee-945f-a5839eed2aba",
            "instance_id": "fr-par/8bd0c1ff-0b81-45ee-945f-a5839eed2aba",
            "region": null,
            "timeouts": null
          },
          "sensitive_attributes": [],
          "private": "eyJlMmJmYjczMC1lY2FhLTExZTYtOGY4OC0zNDM2M2JjN2M0YzAiOnsiY3JlYXRlIjo5MDAwMDAwMDAwMDAsImRlZmF1bHQiOjkwMDAwMDAwMDAwMCwiZGVsZXRlIjo5MDAwMDAwMDAwMDAsInJlYWQiOjkwMDAwMDAwMDAwMCwidXBkYXRlIjo5MDAwMDAwMDAwMDB9fQ==",
          "dependencies": [
            "scaleway_rdb_instance.main"
          ]
        }
      ]
    },
    {
      "mode": "managed",
      "type": "scaleway_rdb_instance",
      "name": "main",
      "provider": "provider[\"registry.terraform.io/scaleway/scaleway\"]",
      "instances": [
        {
          "schema_version": 0,
          "attributes": {
            "backup_same_region": false,
            "backup_schedule_frequency": 24,
            "backup_schedule_retention": 7,
            "certificate": "-----BEGIN CERTIFICATE-----\nMIID+zCCAuOgAwIBAgIURGVTPxZn0udzwOiUL+fKD2CwBlQwDQYJKoZIhvcNAQEL\nBQAwgYcxCzAJBgNVBAYTAkZSMQ4wDAYDVQQIDAVQYXJpczEOMAwGA1UEBwwFUGFy\naXMxETAPBgNVBAoMCFNjYWxld2F5MUUwQwYDVQQDDDxydy04YmQwYzFmZi0wYjgx\nLTQ1ZWUtOTQ1Zi1hNTgzOWVlZDJhYmEucmRiLmZyLXBhci5zY3cuY2xvdWQwHhcN\nMjIxMDI3MTIyNDUxWhcNMzIxMDI0MTIyNDUxWjCBhzELMAkGA1UEBhMCRlIxDjAM\nBgNVBAgMBVBhcmlzMQ4wDAYDVQQHDAVQYXJpczERMA8GA1UECgwIU2NhbGV3YXkx\nRTBDBgNVBAMMPHJ3LThiZDBjMWZmLTBiODEtNDVlZS05NDVmLWE1ODM5ZWVkMmFi\nYS5yZGIuZnItcGFyLnNjdy5jbG91ZDCCASIwDQYJKoZIhvcNAQEBBQADggEPADCC\nAQoCggEBAKvMy74mPb9QnlsuTnQ4ATw0N7b2WeeEhulIim/NElG1HzSy0bvamnms\nzNJVHCmEEE1eIZ+eFS3dw/n/2kYK3T886F6zA+MYjFe3cXVR64/+pstBA4EPjv7l\nXSPQa4ifqlliyfznkReXLNzI8ZVEATjEkURW6xm/0evNoYmDfzK9gfqlbdPfLQKq\nVUEcn5Ne0VNZUQ0tQRVLeGB33tKTlnXmpr+I6joXIu/FpJhQhLjPYF6RdAtM6qaU\nzZmOOm7gGoBVus1P4ty7T/S0YRuxUFgNxCI0hN5AxWTZiOAVERqaDk3gHnTBgjd6\nZACno0yXjFvB9aUEuWa+cTXeDYIWlhcCAwEAAaNdMFswWQYDVR0RBFIwUII8cnct\nOGJkMGMxZmYtMGI4MS00NWVlLTk0NWYtYTU4MzllZWQyYWJhLnJkYi5mci1wYXIu\nc2N3LmNsb3VkhwSjrKFlhwSjrLSRhwQznjnYMA0GCSqGSIb3DQEBCwUAA4IBAQAT\nyHyppBabnmBoI/0recfidtiBXArodJIMTwf5meMrF2qbQTThK5MYH+Rf/ijmU9ln\n3ROCLWtfSB6SD+6ylVSfxI+IsTcPZCbCDiFiZInnEmo/9P4xH7RankochUpSIsr6\nMfEJaF93eNUI14zYwkTF1pjZE7bbWnSk21ZHtdOtsWXSt4aPsPVjCyEukaM8fWcd\ntEQsgi391469Qlwr78FpzAXPdkSGRHDJIzQCeZ1Anr3zjk40OAuAsVDKhAleHEA3\nMzzHmb4IajP7yxltsBatHgY0r2Tiy7CaVT1j/ZMNVeoiK+CKwnu7xOT2iXRFkdJr\nvqxgsHROaHg1ULboEjZW\n-----END CERTIFICATE-----\n",
            "disable_backup": true,
            "endpoint_ip": "51.158.57.216",
            "endpoint_port": 59619,
            "engine": "MySQL-8",
            "id": "fr-par/8bd0c1ff-0b81-45ee-945f-a5839eed2aba",
            "init_settings": {},
            "is_ha_cluster": true,
            "load_balancer": [
              {
                "endpoint_id": "3d894ae2-ce1d-4947-9ab9-a9c1322b2dd4",
                "hostname": "",
                "ip": "51.158.57.216",
                "name": "",
                "port": 59619
              }
            ],
            "name": "rdb-valentin-clement",
            "node_type": "db-dev-s",
            "organization_id": "b90cf4f6-2921-4c23-b5b9-60a456590666",
            "password": "Sixter64!",
            "private_network": [],
            "project_id": "0c1671e0-2f42-4ed2-8799-14f144ecb947",
            "read_replicas": [],
            "region": "fr-par",
            "settings": {
              "max_connections": "100"
            },
            "tags": null,
            "timeouts": null,
            "user_name": "Administrateur",
            "volume_size_in_gb": 5,
            "volume_type": "lssd"
          },
          "sensitive_attributes": [],
          "private": "eyJlMmJmYjczMC1lY2FhLTExZTYtOGY4OC0zNDM2M2JjN2M0YzAiOnsiY3JlYXRlIjo5MDAwMDAwMDAwMDAsImRlZmF1bHQiOjkwMDAwMDAwMDAwMCwiZGVsZXRlIjo5MDAwMDAwMDAwMDAsInJlYWQiOjkwMDAwMDAwMDAwMCwidXBkYXRlIjo5MDAwMDAwMDAwMDB9fQ=="
        }
      ]
    }
  ],
  "check_results": []
}
